
Microsoft Visual Studio Solution File, Format Version 12.00
# Visual Studio 2017
Project("{FAE04EC0-301F-11D3-BF4B-00C04F79EFBC}") = "myApp", "myApp.csproj", "{C4A7798A-9F28-4759-A5FA-0E4825F59B89}"
EndProject
Global
	GlobalSection(SolutionConfigurationPlatforms) = preSolution
		Debug|Any CPU = Debug|Any CPU
		Release|Any CPU = Release|Any CPU
	EndGlobalSection
	GlobalSection(ProjectConfigurationPlatforms) = postSolution
		{C4A7798A-9F28-4759-A5FA-0E4825F59B89}.Debug|Any CPU.ActiveCfg = Debug|Any CPU
		{C4A7798A-9F28-4759-A5FA-0E4825F59B89}.Debug|Any CPU.Build.0 = Debug|Any CPU
		{C4A7798A-9F28-4759-A5FA-0E4825F59B89}.Release|Any CPU.ActiveCfg = Release|Any CPU
		{C4A7798A-9F28-4759-A5FA-0E4825F59B89}.Release|Any CPU.Build.0 = Release|Any CPU
	EndGlobalSection
EndGlobal
